{
    "version": 3,
    "terraform_version": "0.10.0",
    "serial": 168,
    "lineage": "3f18a576-7c83-452a-a038-94e2b49ab951",
    "modules": [
        {
            "path": [
                "root"
            ],
            "outputs": {
                "public_ip": {
                    "sensitive": false,
                    "type": "string",
                    "value": "34.251.223.94"
                }
            },
            "resources": {
                "aws_ebs_volume.ebs-volume-1": {
                    "type": "aws_ebs_volume",
                    "depends_on": [],
                    "primary": {
                        "id": "vol-0ad80ab9e70f0f22e",
                        "attributes": {
                            "availability_zone": "eu-west-1a",
                            "encrypted": "false",
                            "id": "vol-0ad80ab9e70f0f22e",
                            "size": "2",
                            "snapshot_id": "",
                            "tags.%": "1",
                            "tags.Name": "USRSAP Volume",
                            "type": "gp2"
                        },
                        "meta": {},
                        "tainted": false
                    },
                    "deposed": [],
                    "provider": ""
                },
                "aws_ebs_volume.ebs-volume-2": {
                    "type": "aws_ebs_volume",
                    "depends_on": [],
                    "primary": {
                        "id": "vol-0e2b95832abed22a3",
                        "attributes": {
                            "availability_zone": "eu-west-1a",
                            "encrypted": "false",
                            "id": "vol-0e2b95832abed22a3",
                            "size": "2",
                            "snapshot_id": "",
                            "tags.%": "1",
                            "tags.Name": "SAPMNT Volume",
                            "type": "gp2"
                        },
                        "meta": {},
                        "tainted": false
                    },
                    "deposed": [],
                    "provider": ""
                },
                "aws_ebs_volume.ebs-volume-3": {
                    "type": "aws_ebs_volume",
                    "depends_on": [],
                    "primary": {
                        "id": "vol-08b3e4b9ce507f374",
                        "attributes": {
                            "availability_zone": "eu-west-1a",
                            "encrypted": "false",
                            "id": "vol-08b3e4b9ce507f374",
                            "size": "2",
                            "snapshot_id": "",
                            "tags.%": "1",
                            "tags.Name": "BACKUP Volume",
                            "type": "gp2"
                        },
                        "meta": {},
                        "tainted": false
                    },
                    "deposed": [],
                    "provider": ""
                },
                "aws_ebs_volume.ebs-volume-4": {
                    "type": "aws_ebs_volume",
                    "depends_on": [],
                    "primary": {
                        "id": "vol-0ce1caddacb2db68e",
                        "attributes": {
                            "availability_zone": "eu-west-1a",
                            "encrypted": "false",
                            "id": "vol-0ce1caddacb2db68e",
                            "size": "2",
                            "snapshot_id": "",
                            "tags.%": "1",
                            "tags.Name": "HANA Volume",
                            "type": "gp2"
                        },
                        "meta": {},
                        "tainted": false
                    },
                    "deposed": [],
                    "provider": ""
                },
                "aws_ebs_volume.ebs-volume-5": {
                    "type": "aws_ebs_volume",
                    "depends_on": [],
                    "primary": {
                        "id": "vol-0c96ba50bd40e8ddb",
                        "attributes": {
                            "availability_zone": "eu-west-1a",
                            "encrypted": "false",
                            "id": "vol-0c96ba50bd40e8ddb",
                            "size": "2",
                            "snapshot_id": "",
                            "tags.%": "1",
                            "tags.Name": "HANADATA Volume",
                            "type": "gp2"
                        },
                        "meta": {},
                        "tainted": false
                    },
                    "deposed": [],
                    "provider": ""
                },
                "aws_ebs_volume.ebs-volume-6": {
                    "type": "aws_ebs_volume",
                    "depends_on": [],
                    "primary": {
                        "id": "vol-064e4e5e06bf025d5",
                        "attributes": {
                            "availability_zone": "eu-west-1a",
                            "encrypted": "false",
                            "id": "vol-064e4e5e06bf025d5",
                            "size": "2",
                            "snapshot_id": "",
                            "tags.%": "1",
                            "tags.Name": "HANALOG Volume",
                            "type": "gp2"
                        },
                        "meta": {},
                        "tainted": false
                    },
                    "deposed": [],
                    "provider": ""
                },
                "aws_instance.suse12": {
                    "type": "aws_instance",
                    "depends_on": [],
                    "primary": {
                        "id": "i-09cebc69fcb401877",
                        "attributes": {
                            "ami": "ami-f5776f93",
                            "associate_public_ip_address": "true",
                            "availability_zone": "eu-west-1a",
                            "disable_api_termination": "false",
                            "ebs_block_device.#": "0",
                            "ebs_optimized": "false",
                            "ephemeral_block_device.#": "0",
                            "iam_instance_profile": "",
                            "id": "i-09cebc69fcb401877",
                            "instance_state": "running",
                            "instance_type": "t2.micro",
                            "ipv6_addresses.#": "0",
                            "key_name": "admin",
                            "monitoring": "false",
                            "network_interface.#": "0",
                            "network_interface_id": "eni-3fb1aa03",
                            "primary_network_interface_id": "eni-3fb1aa03",
                            "private_dns": "ip-172-31-32-243.eu-west-1.compute.internal",
                            "private_ip": "172.31.32.243",
                            "public_dns": "ec2-34-251-223-94.eu-west-1.compute.amazonaws.com",
                            "public_ip": "34.251.223.94",
                            "root_block_device.#": "1",
                            "root_block_device.0.delete_on_termination": "true",
                            "root_block_device.0.iops": "100",
                            "root_block_device.0.volume_size": "10",
                            "root_block_device.0.volume_type": "gp2",
                            "security_groups.#": "2",
                            "security_groups.2525401260": "launch-wizard-1",
                            "security_groups.3814588639": "default",
                            "source_dest_check": "true",
                            "subnet_id": "subnet-0e07c979",
                            "tags.%": "10",
                            "tags.COST_CODE": "KTDEVOPS",
                            "tags.CR_REF": "CR00000",
                            "tags.ENVIRONMENT": "INFRASTRUCTURE",
                            "tags.ESTIMATED_COST": "0",
                            "tags.LANDSCAPE": "PROTOTYPE",
                            "tags.Name": "0-suse-hana.keytree.io",
                            "tags.PROJECT": "KEYTREE - DEVOPS",
                            "tags.REQUESTOR": "devops@keytree.co.uk",
                            "tags.TIER": "5",
                            "tags.TYPE": "TERRAFORM",
                            "tenancy": "default",
                            "volume_tags.%": "0",
                            "vpc_security_group_ids.#": "0"
                        },
                        "meta": {
                            "e2bfb730-ecaa-11e6-8f88-34363bc7c4c0": {
                                "create": 600000000000,
                                "delete": 600000000000,
                                "update": 600000000000
                            },
                            "schema_version": "1"
                        },
                        "tainted": false
                    },
                    "deposed": [],
                    "provider": ""
                },
                "aws_volume_attachment.ebs-volume-1-attachment": {
                    "type": "aws_volume_attachment",
                    "depends_on": [
                        "aws_ebs_volume.ebs-volume-1",
                        "aws_instance.suse12"
                    ],
                    "primary": {
                        "id": "vai-2523113377",
                        "attributes": {
                            "device_name": "/dev/sdb",
                            "id": "vai-2523113377",
                            "instance_id": "i-09cebc69fcb401877",
                            "skip_destroy": "true",
                            "volume_id": "vol-0ad80ab9e70f0f22e"
                        },
                        "meta": {},
                        "tainted": false
                    },
                    "deposed": [],
                    "provider": ""
                },
                "aws_volume_attachment.ebs-volume-2-attachment": {
                    "type": "aws_volume_attachment",
                    "depends_on": [
                        "aws_ebs_volume.ebs-volume-2",
                        "aws_instance.suse12"
                    ],
                    "primary": {
                        "id": "vai-1248316124",
                        "attributes": {
                            "device_name": "/dev/sdc",
                            "id": "vai-1248316124",
                            "instance_id": "i-09cebc69fcb401877",
                            "skip_destroy": "true",
                            "volume_id": "vol-0e2b95832abed22a3"
                        },
                        "meta": {},
                        "tainted": false
                    },
                    "deposed": [],
                    "provider": ""
                },
                "aws_volume_attachment.ebs-volume-3-attachment": {
                    "type": "aws_volume_attachment",
                    "depends_on": [
                        "aws_ebs_volume.ebs-volume-3",
                        "aws_instance.suse12"
                    ],
                    "primary": {
                        "id": "vai-584553036",
                        "attributes": {
                            "device_name": "/dev/sdd",
                            "id": "vai-584553036",
                            "instance_id": "i-09cebc69fcb401877",
                            "skip_destroy": "true",
                            "volume_id": "vol-08b3e4b9ce507f374"
                        },
                        "meta": {},
                        "tainted": false
                    },
                    "deposed": [],
                    "provider": ""
                },
                "aws_volume_attachment.ebs-volume-4-attachment": {
                    "type": "aws_volume_attachment",
                    "depends_on": [
                        "aws_ebs_volume.ebs-volume-4",
                        "aws_instance.suse12"
                    ],
                    "primary": {
                        "id": "vai-1296479372",
                        "attributes": {
                            "device_name": "/dev/sde",
                            "id": "vai-1296479372",
                            "instance_id": "i-09cebc69fcb401877",
                            "skip_destroy": "true",
                            "volume_id": "vol-0ce1caddacb2db68e"
                        },
                        "meta": {},
                        "tainted": false
                    },
                    "deposed": [],
                    "provider": ""
                },
                "aws_volume_attachment.ebs-volume-5-attachment": {
                    "type": "aws_volume_attachment",
                    "depends_on": [
                        "aws_ebs_volume.ebs-volume-5",
                        "aws_instance.suse12"
                    ],
                    "primary": {
                        "id": "vai-1282281080",
                        "attributes": {
                            "device_name": "/dev/sdf",
                            "id": "vai-1282281080",
                            "instance_id": "i-09cebc69fcb401877",
                            "skip_destroy": "true",
                            "volume_id": "vol-0c96ba50bd40e8ddb"
                        },
                        "meta": {},
                        "tainted": false
                    },
                    "deposed": [],
                    "provider": ""
                },
                "aws_volume_attachment.ebs-volume-6-attachment": {
                    "type": "aws_volume_attachment",
                    "depends_on": [
                        "aws_ebs_volume.ebs-volume-6",
                        "aws_instance.suse12"
                    ],
                    "primary": {
                        "id": "vai-4202252846",
                        "attributes": {
                            "device_name": "/dev/sdg",
                            "id": "vai-4202252846",
                            "instance_id": "i-09cebc69fcb401877",
                            "skip_destroy": "true",
                            "volume_id": "vol-064e4e5e06bf025d5"
                        },
                        "meta": {},
                        "tainted": false
                    },
                    "deposed": [],
                    "provider": ""
                }
            },
            "depends_on": []
        }
    ]
}
