{
    "version": 3,
    "terraform_version": "0.9.11",
    "serial": 93,
    "lineage": "3f18a576-7c83-452a-a038-94e2b49ab951",
    "modules": [
        {
            "path": [
                "root"
            ],
            "outputs": {
                "public_ip": {
                    "sensitive": false,
                    "type": "string",
                    "value": "52.212.203.206"
                }
            },
            "resources": {
                "aws_ebs_volume.ebs-volume-1": {
                    "type": "aws_ebs_volume",
                    "depends_on": [],
                    "primary": {
                        "id": "vol-0bc0cfd242fdf67e8",
                        "attributes": {
                            "availability_zone": "eu-west-1a",
                            "encrypted": "false",
                            "id": "vol-0bc0cfd242fdf67e8",
                            "size": "2",
                            "snapshot_id": "",
                            "tags.%": "1",
                            "tags.Name": "USRSAP Volume",
                            "type": "gp2"
                        },
                        "meta": {},
                        "tainted": false
                    },
                    "deposed": [],
                    "provider": ""
                },
                "aws_ebs_volume.ebs-volume-2": {
                    "type": "aws_ebs_volume",
                    "depends_on": [],
                    "primary": {
                        "id": "vol-0417b8dd879bee60e",
                        "attributes": {
                            "availability_zone": "eu-west-1a",
                            "encrypted": "false",
                            "id": "vol-0417b8dd879bee60e",
                            "size": "2",
                            "snapshot_id": "",
                            "tags.%": "1",
                            "tags.Name": "SAPMNT Volume",
                            "type": "gp2"
                        },
                        "meta": {},
                        "tainted": false
                    },
                    "deposed": [],
                    "provider": ""
                },
                "aws_ebs_volume.ebs-volume-3": {
                    "type": "aws_ebs_volume",
                    "depends_on": [],
                    "primary": {
                        "id": "vol-0b85a1f90c950c973",
                        "attributes": {
                            "availability_zone": "eu-west-1a",
                            "encrypted": "false",
                            "id": "vol-0b85a1f90c950c973",
                            "size": "2",
                            "snapshot_id": "",
                            "tags.%": "1",
                            "tags.Name": "BACKUP Volume",
                            "type": "gp2"
                        },
                        "meta": {},
                        "tainted": false
                    },
                    "deposed": [],
                    "provider": ""
                },
                "aws_ebs_volume.ebs-volume-4": {
                    "type": "aws_ebs_volume",
                    "depends_on": [],
                    "primary": {
                        "id": "vol-03a2563bfc4180a61",
                        "attributes": {
                            "availability_zone": "eu-west-1a",
                            "encrypted": "false",
                            "id": "vol-03a2563bfc4180a61",
                            "size": "2",
                            "snapshot_id": "",
                            "tags.%": "1",
                            "tags.Name": "HANA Volume",
                            "type": "gp2"
                        },
                        "meta": {},
                        "tainted": false
                    },
                    "deposed": [],
                    "provider": ""
                },
                "aws_ebs_volume.ebs-volume-5": {
                    "type": "aws_ebs_volume",
                    "depends_on": [],
                    "primary": {
                        "id": "vol-0ea9de739ec462dcf",
                        "attributes": {
                            "availability_zone": "eu-west-1a",
                            "encrypted": "false",
                            "id": "vol-0ea9de739ec462dcf",
                            "size": "2",
                            "snapshot_id": "",
                            "tags.%": "1",
                            "tags.Name": "HANADATA Volume",
                            "type": "gp2"
                        },
                        "meta": {},
                        "tainted": false
                    },
                    "deposed": [],
                    "provider": ""
                },
                "aws_ebs_volume.ebs-volume-6": {
                    "type": "aws_ebs_volume",
                    "depends_on": [],
                    "primary": {
                        "id": "vol-0f840f3c0a4683053",
                        "attributes": {
                            "availability_zone": "eu-west-1a",
                            "encrypted": "false",
                            "id": "vol-0f840f3c0a4683053",
                            "size": "2",
                            "snapshot_id": "",
                            "tags.%": "1",
                            "tags.Name": "HANALOG Volume",
                            "type": "gp2"
                        },
                        "meta": {},
                        "tainted": false
                    },
                    "deposed": [],
                    "provider": ""
                },
                "aws_instance.rhel6": {
                    "type": "aws_instance",
                    "depends_on": [],
                    "primary": {
                        "id": "i-01711164546dbc051",
                        "attributes": {
                            "ami": "ami-af6faad8",
                            "associate_public_ip_address": "true",
                            "availability_zone": "eu-west-1a",
                            "disable_api_termination": "false",
                            "ebs_block_device.#": "6",
                            "ebs_block_device.2554893574.delete_on_termination": "false",
                            "ebs_block_device.2554893574.device_name": "/dev/sdc",
                            "ebs_block_device.2554893574.encrypted": "false",
                            "ebs_block_device.2554893574.iops": "100",
                            "ebs_block_device.2554893574.snapshot_id": "",
                            "ebs_block_device.2554893574.volume_size": "2",
                            "ebs_block_device.2554893574.volume_type": "gp2",
                            "ebs_block_device.2576023345.delete_on_termination": "false",
                            "ebs_block_device.2576023345.device_name": "/dev/sdb",
                            "ebs_block_device.2576023345.encrypted": "false",
                            "ebs_block_device.2576023345.iops": "100",
                            "ebs_block_device.2576023345.snapshot_id": "",
                            "ebs_block_device.2576023345.volume_size": "2",
                            "ebs_block_device.2576023345.volume_type": "gp2",
                            "ebs_block_device.2630216116.delete_on_termination": "false",
                            "ebs_block_device.2630216116.device_name": "/dev/sde",
                            "ebs_block_device.2630216116.encrypted": "false",
                            "ebs_block_device.2630216116.iops": "100",
                            "ebs_block_device.2630216116.snapshot_id": "",
                            "ebs_block_device.2630216116.volume_size": "2",
                            "ebs_block_device.2630216116.volume_type": "gp2",
                            "ebs_block_device.2634515331.delete_on_termination": "false",
                            "ebs_block_device.2634515331.device_name": "/dev/sdd",
                            "ebs_block_device.2634515331.encrypted": "false",
                            "ebs_block_device.2634515331.iops": "100",
                            "ebs_block_device.2634515331.snapshot_id": "",
                            "ebs_block_device.2634515331.volume_size": "2",
                            "ebs_block_device.2634515331.volume_type": "gp2",
                            "ebs_block_device.2659407853.delete_on_termination": "false",
                            "ebs_block_device.2659407853.device_name": "/dev/sdf",
                            "ebs_block_device.2659407853.encrypted": "false",
                            "ebs_block_device.2659407853.iops": "100",
                            "ebs_block_device.2659407853.snapshot_id": "",
                            "ebs_block_device.2659407853.volume_size": "2",
                            "ebs_block_device.2659407853.volume_type": "gp2",
                            "ebs_block_device.2671853018.delete_on_termination": "false",
                            "ebs_block_device.2671853018.device_name": "/dev/sdg",
                            "ebs_block_device.2671853018.encrypted": "false",
                            "ebs_block_device.2671853018.iops": "100",
                            "ebs_block_device.2671853018.snapshot_id": "",
                            "ebs_block_device.2671853018.volume_size": "2",
                            "ebs_block_device.2671853018.volume_type": "gp2",
                            "ebs_optimized": "false",
                            "ephemeral_block_device.#": "0",
                            "iam_instance_profile": "",
                            "id": "i-01711164546dbc051",
                            "instance_state": "running",
                            "instance_type": "t2.small",
                            "ipv6_addresses.#": "0",
                            "key_name": "admin",
                            "monitoring": "false",
                            "network_interface.#": "0",
                            "network_interface_id": "eni-7c3b1a40",
                            "primary_network_interface_id": "eni-7c3b1a40",
                            "private_dns": "ip-172-31-33-174.eu-west-1.compute.internal",
                            "private_ip": "172.31.33.174",
                            "public_dns": "ec2-52-212-203-206.eu-west-1.compute.amazonaws.com",
                            "public_ip": "52.212.203.206",
                            "root_block_device.#": "1",
                            "root_block_device.0.delete_on_termination": "true",
                            "root_block_device.0.iops": "0",
                            "root_block_device.0.volume_size": "10",
                            "root_block_device.0.volume_type": "standard",
                            "security_groups.#": "0",
                            "source_dest_check": "true",
                            "subnet_id": "subnet-0e07c979",
                            "tags.%": "9",
                            "tags.COST_CODE": "KTDEVOPS",
                            "tags.CR_REF": "CR00000",
                            "tags.ENVIRONMENT": "INFRASTRUCTURE",
                            "tags.ESTIMATED_COST": "0",
                            "tags.LANDSCAPE": "PROTOTYPE",
                            "tags.PROJECT": "KEYTREE - DEVOPS",
                            "tags.REQUESTOR": "devops@keytree.co.uk",
                            "tags.TIER": "5",
                            "tags.TYPE": "TERRAFORM",
                            "tenancy": "default",
                            "user_data": "6019ec257ae9b31f0969878a2d9b142b3e1bccd6",
                            "volume_tags.%": "1",
                            "volume_tags.Name": "HANALOG Volume",
                            "vpc_security_group_ids.#": "1",
                            "vpc_security_group_ids.1883011942": "sg-b88328dd"
                        },
                        "meta": {
                            "e2bfb730-ecaa-11e6-8f88-34363bc7c4c0": {
                                "create": 600000000000,
                                "delete": 600000000000,
                                "update": 600000000000
                            },
                            "schema_version": "1"
                        },
                        "tainted": false
                    },
                    "deposed": [],
                    "provider": ""
                },
                "aws_volume_attachment.ebs-volume-1-attachment": {
                    "type": "aws_volume_attachment",
                    "depends_on": [
                        "aws_ebs_volume.ebs-volume-1",
                        "aws_instance.rhel6"
                    ],
                    "primary": {
                        "id": "vai-1575935576",
                        "attributes": {
                            "device_name": "/dev/sdb",
                            "id": "vai-1575935576",
                            "instance_id": "i-01711164546dbc051",
                            "skip_destroy": "true",
                            "volume_id": "vol-0bc0cfd242fdf67e8"
                        },
                        "meta": {},
                        "tainted": false
                    },
                    "deposed": [],
                    "provider": ""
                },
                "aws_volume_attachment.ebs-volume-2-attachment": {
                    "type": "aws_volume_attachment",
                    "depends_on": [
                        "aws_ebs_volume.ebs-volume-2",
                        "aws_instance.rhel6"
                    ],
                    "primary": {
                        "id": "vai-737254517",
                        "attributes": {
                            "device_name": "/dev/sdc",
                            "id": "vai-737254517",
                            "instance_id": "i-01711164546dbc051",
                            "skip_destroy": "true",
                            "volume_id": "vol-0417b8dd879bee60e"
                        },
                        "meta": {},
                        "tainted": false
                    },
                    "deposed": [],
                    "provider": ""
                },
                "aws_volume_attachment.ebs-volume-3-attachment": {
                    "type": "aws_volume_attachment",
                    "depends_on": [
                        "aws_ebs_volume.ebs-volume-3",
                        "aws_instance.rhel6"
                    ],
                    "primary": {
                        "id": "vai-2043148104",
                        "attributes": {
                            "device_name": "/dev/sdd",
                            "id": "vai-2043148104",
                            "instance_id": "i-01711164546dbc051",
                            "skip_destroy": "true",
                            "volume_id": "vol-0b85a1f90c950c973"
                        },
                        "meta": {},
                        "tainted": false
                    },
                    "deposed": [],
                    "provider": ""
                },
                "aws_volume_attachment.ebs-volume-4-attachment": {
                    "type": "aws_volume_attachment",
                    "depends_on": [
                        "aws_ebs_volume.ebs-volume-4",
                        "aws_instance.rhel6"
                    ],
                    "primary": {
                        "id": "vai-3640908705",
                        "attributes": {
                            "device_name": "/dev/sde",
                            "id": "vai-3640908705",
                            "instance_id": "i-01711164546dbc051",
                            "skip_destroy": "true",
                            "volume_id": "vol-03a2563bfc4180a61"
                        },
                        "meta": {},
                        "tainted": false
                    },
                    "deposed": [],
                    "provider": ""
                },
                "aws_volume_attachment.ebs-volume-5-attachment": {
                    "type": "aws_volume_attachment",
                    "depends_on": [
                        "aws_ebs_volume.ebs-volume-5",
                        "aws_instance.rhel6"
                    ],
                    "primary": {
                        "id": "vai-4271481450",
                        "attributes": {
                            "device_name": "/dev/sdf",
                            "id": "vai-4271481450",
                            "instance_id": "i-01711164546dbc051",
                            "skip_destroy": "true",
                            "volume_id": "vol-0ea9de739ec462dcf"
                        },
                        "meta": {},
                        "tainted": false
                    },
                    "deposed": [],
                    "provider": ""
                },
                "aws_volume_attachment.ebs-volume-6-attachment": {
                    "type": "aws_volume_attachment",
                    "depends_on": [
                        "aws_ebs_volume.ebs-volume-6",
                        "aws_instance.rhel6"
                    ],
                    "primary": {
                        "id": "vai-330236223",
                        "attributes": {
                            "device_name": "/dev/sdg",
                            "id": "vai-330236223",
                            "instance_id": "i-01711164546dbc051",
                            "skip_destroy": "true",
                            "volume_id": "vol-0f840f3c0a4683053"
                        },
                        "meta": {},
                        "tainted": false
                    },
                    "deposed": [],
                    "provider": ""
                }
            },
            "depends_on": []
        }
    ]
}
